
Microsoft Visual Studio Solution File, Format Version 12.00
# Visual Studio Version 17
VisualStudioVersion = 17.0.31912.275
MinimumVisualStudioVersion = 10.0.40219.1
Project("{2150E333-8FDC-42A3-9474-1A3956D46DE8}") = "src", "src", "{CA9847A3-3F18-46DF-9A95-D4D956B3AA84}"
EndProject
Project("{2150E333-8FDC-42A3-9474-1A3956D46DE8}") = "tests", "tests", "{053D14F1-732A-4E35-8E55-6AE538E8119C}"
EndProject
Project("{9A19103F-16F7-4668-BE54-9A1E7A4F7556}") = "OpenAPI.Net", "src\OpenAPI.Net\OpenAPI.Net.csproj", "{F4CEA486-AC16-451E-8134-640F131849FB}"
EndProject
Project("{9A19103F-16F7-4668-BE54-9A1E7A4F7556}") = "OpenAPI.Net.Tests", "tests\OpenAPI.Net.Tests\OpenAPI.Net.Tests.csproj", "{B9BC1937-94E5-4F3B-883D-15EDCE72C5AB}"
EndProject
Project("{9A19103F-16F7-4668-BE54-9A1E7A4F7556}") = "Console.Sample", "samples\Console.Sample\Console.Sample.csproj", "{A79298DA-2F57-4ABA-83FA-B051A51CEFCD}"
EndProject
Project("{2150E333-8FDC-42A3-9474-1A3956D46DE8}") = "Solution Items", "Solution Items", "{0204E3DB-63E1-48B4-A767-6919BA8ECB07}"
	ProjectSection(SolutionItems) = preProject
		.github\workflows\docs_publish.yml = .github\workflows\docs_publish.yml
		LICENSE = LICENSE
		.github\workflows\publish_nuget_package_prereleased.yml = .github\workflows\publish_nuget_package_prereleased.yml
		.github\workflows\publish_nuget_package_released.yml = .github\workflows\publish_nuget_package_released.yml
		README.md = README.md
	EndProjectSection
EndProject
Project("{9A19103F-16F7-4668-BE54-9A1E7A4F7556}") = "WPF.Sample", "samples\WPF.Sample\WPF.Sample.csproj", "{842C8FED-4CAC-4676-9922-D59F88CEADC5}"
EndProject
Project("{9A19103F-16F7-4668-BE54-9A1E7A4F7556}") = "WinForms.Sample", "samples\WinForms.Sample\WinForms.Sample.csproj", "{7027B55B-5C8E-484A-986F-F7F909DD80E3}"
EndProject
Project("{9A19103F-16F7-4668-BE54-9A1E7A4F7556}") = "ASP.NET.Sample", "samples\ASP.NET.Sample\ASP.NET.Sample.csproj", "{1EC058DD-6106-42E4-B665-2074A89E3C2D}"
EndProject
Project("{9A19103F-16F7-4668-BE54-9A1E7A4F7556}") = "Samples.Shared", "samples\Samples.Shared\Samples.Shared.csproj", "{D107FA10-F1AF-4B66-BB1B-5ECE4F8DB685}"
EndProject
Project("{9A19103F-16F7-4668-BE54-9A1E7A4F7556}") = "Blazor.WebSocket.Sample", "samples\Blazor.WebSocket.Sample\Blazor.WebSocket.Sample.csproj", "{B9193566-628A-4572-B87E-0DDCD30EA409}"
EndProject
Project("{2150E333-8FDC-42A3-9474-1A3956D46DE8}") = "samples", "samples", "{310067F1-0853-4067-B457-C4F66453F0BE}"
EndProject
Global
	GlobalSection(SolutionConfigurationPlatforms) = preSolution
		Debug|Any CPU = Debug|Any CPU
		Debug|x86 = Debug|x86
		Release|Any CPU = Release|Any CPU
		Release|x86 = Release|x86
	EndGlobalSection
	GlobalSection(ProjectConfigurationPlatforms) = postSolution
		{F4CEA486-AC16-451E-8134-640F131849FB}.Debug|Any CPU.ActiveCfg = Debug|Any CPU
		{F4CEA486-AC16-451E-8134-640F131849FB}.Debug|Any CPU.Build.0 = Debug|Any CPU
		{F4CEA486-AC16-451E-8134-640F131849FB}.Debug|x86.ActiveCfg = Debug|Any CPU
		{F4CEA486-AC16-451E-8134-640F131849FB}.Debug|x86.Build.0 = Debug|Any CPU
		{F4CEA486-AC16-451E-8134-640F131849FB}.Release|Any CPU.ActiveCfg = Release|Any CPU
		{F4CEA486-AC16-451E-8134-640F131849FB}.Release|Any CPU.Build.0 = Release|Any CPU
		{F4CEA486-AC16-451E-8134-640F131849FB}.Release|x86.ActiveCfg = Release|Any CPU
		{F4CEA486-AC16-451E-8134-640F131849FB}.Release|x86.Build.0 = Release|Any CPU
		{B9BC1937-94E5-4F3B-883D-15EDCE72C5AB}.Debug|Any CPU.ActiveCfg = Debug|Any CPU
		{B9BC1937-94E5-4F3B-883D-15EDCE72C5AB}.Debug|Any CPU.Build.0 = Debug|Any CPU
		{B9BC1937-94E5-4F3B-883D-15EDCE72C5AB}.Debug|x86.ActiveCfg = Debug|Any CPU
		{B9BC1937-94E5-4F3B-883D-15EDCE72C5AB}.Debug|x86.Build.0 = Debug|Any CPU
		{B9BC1937-94E5-4F3B-883D-15EDCE72C5AB}.Release|Any CPU.ActiveCfg = Release|Any CPU
		{B9BC1937-94E5-4F3B-883D-15EDCE72C5AB}.Release|Any CPU.Build.0 = Release|Any CPU
		{B9BC1937-94E5-4F3B-883D-15EDCE72C5AB}.Release|x86.ActiveCfg = Release|Any CPU
		{B9BC1937-94E5-4F3B-883D-15EDCE72C5AB}.Release|x86.Build.0 = Release|Any CPU
		{A79298DA-2F57-4ABA-83FA-B051A51CEFCD}.Debug|Any CPU.ActiveCfg = Debug|Any CPU
		{A79298DA-2F57-4ABA-83FA-B051A51CEFCD}.Debug|Any CPU.Build.0 = Debug|Any CPU
		{A79298DA-2F57-4ABA-83FA-B051A51CEFCD}.Debug|x86.ActiveCfg = Debug|Any CPU
		{A79298DA-2F57-4ABA-83FA-B051A51CEFCD}.Debug|x86.Build.0 = Debug|Any CPU
		{A79298DA-2F57-4ABA-83FA-B051A51CEFCD}.Release|Any CPU.ActiveCfg = Release|Any CPU
		{A79298DA-2F57-4ABA-83FA-B051A51CEFCD}.Release|Any CPU.Build.0 = Release|Any CPU
		{A79298DA-2F57-4ABA-83FA-B051A51CEFCD}.Release|x86.ActiveCfg = Release|Any CPU
		{A79298DA-2F57-4ABA-83FA-B051A51CEFCD}.Release|x86.Build.0 = Release|Any CPU
		{842C8FED-4CAC-4676-9922-D59F88CEADC5}.Debug|Any CPU.ActiveCfg = Debug|x86
		{842C8FED-4CAC-4676-9922-D59F88CEADC5}.Debug|Any CPU.Build.0 = Debug|x86
		{842C8FED-4CAC-4676-9922-D59F88CEADC5}.Debug|x86.ActiveCfg = Debug|x86
		{842C8FED-4CAC-4676-9922-D59F88CEADC5}.Debug|x86.Build.0 = Debug|x86
		{842C8FED-4CAC-4676-9922-D59F88CEADC5}.Release|Any CPU.ActiveCfg = Release|x86
		{842C8FED-4CAC-4676-9922-D59F88CEADC5}.Release|Any CPU.Build.0 = Release|x86
		{842C8FED-4CAC-4676-9922-D59F88CEADC5}.Release|x86.ActiveCfg = Release|x86
		{842C8FED-4CAC-4676-9922-D59F88CEADC5}.Release|x86.Build.0 = Release|x86
		{7027B55B-5C8E-484A-986F-F7F909DD80E3}.Debug|Any CPU.ActiveCfg = Debug|Any CPU
		{7027B55B-5C8E-484A-986F-F7F909DD80E3}.Debug|Any CPU.Build.0 = Debug|Any CPU
		{7027B55B-5C8E-484A-986F-F7F909DD80E3}.Debug|x86.ActiveCfg = Debug|Any CPU
		{7027B55B-5C8E-484A-986F-F7F909DD80E3}.Debug|x86.Build.0 = Debug|Any CPU
		{7027B55B-5C8E-484A-986F-F7F909DD80E3}.Release|Any CPU.ActiveCfg = Release|Any CPU
		{7027B55B-5C8E-484A-986F-F7F909DD80E3}.Release|Any CPU.Build.0 = Release|Any CPU
		{7027B55B-5C8E-484A-986F-F7F909DD80E3}.Release|x86.ActiveCfg = Release|Any CPU
		{7027B55B-5C8E-484A-986F-F7F909DD80E3}.Release|x86.Build.0 = Release|Any CPU
		{1EC058DD-6106-42E4-B665-2074A89E3C2D}.Debug|Any CPU.ActiveCfg = Debug|Any CPU
		{1EC058DD-6106-42E4-B665-2074A89E3C2D}.Debug|Any CPU.Build.0 = Debug|Any CPU
		{1EC058DD-6106-42E4-B665-2074A89E3C2D}.Debug|x86.ActiveCfg = Debug|Any CPU
		{1EC058DD-6106-42E4-B665-2074A89E3C2D}.Debug|x86.Build.0 = Debug|Any CPU
		{1EC058DD-6106-42E4-B665-2074A89E3C2D}.Release|Any CPU.ActiveCfg = Release|Any CPU
		{1EC058DD-6106-42E4-B665-2074A89E3C2D}.Release|Any CPU.Build.0 = Release|Any CPU
		{1EC058DD-6106-42E4-B665-2074A89E3C2D}.Release|x86.ActiveCfg = Release|Any CPU
		{1EC058DD-6106-42E4-B665-2074A89E3C2D}.Release|x86.Build.0 = Release|Any CPU
		{D107FA10-F1AF-4B66-BB1B-5ECE4F8DB685}.Debug|Any CPU.ActiveCfg = Debug|Any CPU
		{D107FA10-F1AF-4B66-BB1B-5ECE4F8DB685}.Debug|Any CPU.Build.0 = Debug|Any CPU
		{D107FA10-F1AF-4B66-BB1B-5ECE4F8DB685}.Debug|x86.ActiveCfg = Debug|Any CPU
		{D107FA10-F1AF-4B66-BB1B-5ECE4F8DB685}.Debug|x86.Build.0 = Debug|Any CPU
		{D107FA10-F1AF-4B66-BB1B-5ECE4F8DB685}.Release|Any CPU.ActiveCfg = Release|Any CPU
		{D107FA10-F1AF-4B66-BB1B-5ECE4F8DB685}.Release|Any CPU.Build.0 = Release|Any CPU
		{D107FA10-F1AF-4B66-BB1B-5ECE4F8DB685}.Release|x86.ActiveCfg = Release|Any CPU
		{D107FA10-F1AF-4B66-BB1B-5ECE4F8DB685}.Release|x86.Build.0 = Release|Any CPU
		{B9193566-628A-4572-B87E-0DDCD30EA409}.Debug|Any CPU.ActiveCfg = Debug|Any CPU
		{B9193566-628A-4572-B87E-0DDCD30EA409}.Debug|Any CPU.Build.0 = Debug|Any CPU
		{B9193566-628A-4572-B87E-0DDCD30EA409}.Debug|x86.ActiveCfg = Debug|Any CPU
		{B9193566-628A-4572-B87E-0DDCD30EA409}.Debug|x86.Build.0 = Debug|Any CPU
		{B9193566-628A-4572-B87E-0DDCD30EA409}.Release|Any CPU.ActiveCfg = Release|Any CPU
		{B9193566-628A-4572-B87E-0DDCD30EA409}.Release|Any CPU.Build.0 = Release|Any CPU
		{B9193566-628A-4572-B87E-0DDCD30EA409}.Release|x86.ActiveCfg = Release|Any CPU
		{B9193566-628A-4572-B87E-0DDCD30EA409}.Release|x86.Build.0 = Release|Any CPU
	EndGlobalSection
	GlobalSection(SolutionProperties) = preSolution
		HideSolutionNode = FALSE
	EndGlobalSection
	GlobalSection(NestedProjects) = preSolution
		{F4CEA486-AC16-451E-8134-640F131849FB} = {CA9847A3-3F18-46DF-9A95-D4D956B3AA84}
		{B9BC1937-94E5-4F3B-883D-15EDCE72C5AB} = {053D14F1-732A-4E35-8E55-6AE538E8119C}
		{A79298DA-2F57-4ABA-83FA-B051A51CEFCD} = {310067F1-0853-4067-B457-C4F66453F0BE}
		{842C8FED-4CAC-4676-9922-D59F88CEADC5} = {310067F1-0853-4067-B457-C4F66453F0BE}
		{7027B55B-5C8E-484A-986F-F7F909DD80E3} = {310067F1-0853-4067-B457-C4F66453F0BE}
		{1EC058DD-6106-42E4-B665-2074A89E3C2D} = {310067F1-0853-4067-B457-C4F66453F0BE}
		{D107FA10-F1AF-4B66-BB1B-5ECE4F8DB685} = {310067F1-0853-4067-B457-C4F66453F0BE}
		{B9193566-628A-4572-B87E-0DDCD30EA409} = {310067F1-0853-4067-B457-C4F66453F0BE}
	EndGlobalSection
	GlobalSection(ExtensibilityGlobals) = postSolution
		SolutionGuid = {E05B0FF6-48DB-46F1-BD20-0D3980D5D6E4}
	EndGlobalSection
EndGlobal
